<?xml version="1.0" encoding="utf-8"?>
<Project ToolsVersion="4.0" xmlns="http://schemas.microsoft.com/developer/msbuild/2003">
  <ItemGroup>
    <Filter Include="소스 파일">
      <UniqueIdentifier>{4FC737F1-C7A5-4376-A066-2A32D752A2FF}</UniqueIdentifier>
      <Extensions>cpp;c;cc;cxx;c++;cppm;ixx;def;odl;idl;hpj;bat;asm;asmx</Extensions>
    </Filter>
    <Filter Include="헤더 파일">
      <UniqueIdentifier>{93995380-89BD-4b04-88EB-625FBE52EBFB}</UniqueIdentifier>
      <Extensions>h;hh;hpp;hxx;h++;hm;inl;inc;ipp;xsd</Extensions>
    </Filter>
    <Filter Include="리소스 파일">
      <UniqueIdentifier>{67DA6AB6-F800-4c08-8B7A-83BB121AAD01}</UniqueIdentifier>
      <Extensions>rc;ico;cur;bmp;dlg;rc2;rct;bin;rgs;gif;jpg;jpeg;jpe;resx;tiff;tif;png;wav;mfcribbon-ms</Extensions>
    </Filter>
    <Filter Include="00. MainApp">
      <UniqueIdentifier>{05915325-66cb-4221-9a3b-92059767cec3}</UniqueIdentifier>
    </Filter>
    <Filter Include="01. Obj">
      <UniqueIdentifier>{51c75cd8-754f-47eb-84ae-384c321e8602}</UniqueIdentifier>
    </Filter>
    <Filter Include="01. Obj\00. Player">
      <UniqueIdentifier>{b8cdd779-7371-47b7-ba36-00a76eaa987f}</UniqueIdentifier>
    </Filter>
    <Filter Include="01. Obj\00. Player\YJ">
      <UniqueIdentifier>{81038334-338a-4eee-964f-a695194fa63d}</UniqueIdentifier>
    </Filter>
    <Filter Include="02. Scene">
      <UniqueIdentifier>{a4aca2fb-8ffe-43af-9cbf-63412e319b7e}</UniqueIdentifier>
    </Filter>
    <Filter Include="02. Scene\VampSurv">
      <UniqueIdentifier>{9b765564-9568-4da7-bac7-87b0be1d9508}</UniqueIdentifier>
    </Filter>
    <Filter Include="01. Obj\01. Shield">
      <UniqueIdentifier>{dd162225-519e-43dd-b361-39b0b0ffe0c0}</UniqueIdentifier>
    </Filter>
    <Filter Include="03. DesignPattern">
      <UniqueIdentifier>{bfd23158-bed5-4b61-b727-33eec77f4a00}</UniqueIdentifier>
    </Filter>
    <Filter Include="03. DesignPattern\00. TimeManager">
      <UniqueIdentifier>{c963e8ad-7395-459c-ac05-62196e210c83}</UniqueIdentifier>
    </Filter>
    <Filter Include="01. Obj\02. Monster">
      <UniqueIdentifier>{ce8ab83f-2c61-4e18-835c-c9f5c970a12d}</UniqueIdentifier>
    </Filter>
    <Filter Include="01. Obj\03. Obstacle">
      <UniqueIdentifier>{d79e6c86-5348-4e28-94f5-9fca74d3b8ca}</UniqueIdentifier>
    </Filter>
    <Filter Include="03. DesignPattern\01. CollisionManager">
      <UniqueIdentifier>{8e0fb392-afc3-43e1-82e5-16fdfe6855e6}</UniqueIdentifier>
    </Filter>
    <Filter Include="03. DesignPattern\02. ObjectManager">
      <UniqueIdentifier>{bcec7e00-c437-41b1-9691-e208ba52055f}</UniqueIdentifier>
    </Filter>
    <Filter Include="03. DesignPattern\03. LineManager">
      <UniqueIdentifier>{ded01432-819e-4ae7-93dc-b166052ef60f}</UniqueIdentifier>
    </Filter>
    <Filter Include="03. DesignPattern\03. LineManager\Line">
      <UniqueIdentifier>{9b530f1a-81b7-4f05-9fe6-deb1a9d3836c}</UniqueIdentifier>
    </Filter>
    <Filter Include="03. DesignPattern\04. ScrollManager">
      <UniqueIdentifier>{c1360d02-169b-46fe-be6e-1924eae2d8b9}</UniqueIdentifier>
    </Filter>
    <Filter Include="01. Obj\02. Monster\00. Boss">
      <UniqueIdentifier>{79160eeb-7cc2-4fee-94f7-ed5782a3fd01}</UniqueIdentifier>
    </Filter>
    <Filter Include="01. Obj\04. Bullet">
      <UniqueIdentifier>{670dd859-7273-40e3-8c80-5afd7156d47b}</UniqueIdentifier>
    </Filter>
    <Filter Include="01. Obj\04. Bullet\PinWheel">
      <UniqueIdentifier>{3b90cd34-8b30-407e-bc79-34a588fb41a1}</UniqueIdentifier>
    </Filter>
    <Filter Include="01. Obj\05. Weapon">
      <UniqueIdentifier>{015b8d98-5a65-42f3-8809-08264b8de70b}</UniqueIdentifier>
    </Filter>
  </ItemGroup>
  <ItemGroup>
    <ClInclude Include="framework.h">
      <Filter>헤더 파일</Filter>
    </ClInclude>
    <ClInclude Include="targetver.h">
      <Filter>헤더 파일</Filter>
    </ClInclude>
    <ClInclude Include="Resource.h">
      <Filter>헤더 파일</Filter>
    </ClInclude>
    <ClInclude Include="Client.h">
      <Filter>헤더 파일</Filter>
    </ClInclude>
    <ClInclude Include="pch.h">
      <Filter>헤더 파일</Filter>
    </ClInclude>
    <ClInclude Include="..\Header\CMainApp.h">
      <Filter>00. MainApp</Filter>
    </ClInclude>
    <ClInclude Include="..\Header\CObjYJ.h">
      <Filter>01. Obj</Filter>
    </ClInclude>
    <ClInclude Include="..\Header\CPlayer_YJ.h">
      <Filter>01. Obj\00. Player\YJ</Filter>
    </ClInclude>
    <ClInclude Include="Define_YJ.h">
      <Filter>헤더 파일</Filter>
    </ClInclude>
    <ClInclude Include="..\Header\CScene_YJ.h">
      <Filter>02. Scene</Filter>
    </ClInclude>
    <ClInclude Include="..\Header\CVampSurvival.h">
      <Filter>02. Scene\VampSurv</Filter>
    </ClInclude>
    <ClInclude Include="..\Header\CShield_YJ.h">
      <Filter>01. Obj\01. Shield</Filter>
    </ClInclude>
    <ClInclude Include="..\Header\CTimeMgr_YJ.h">
      <Filter>03. DesignPattern\00. TimeManager</Filter>
    </ClInclude>
    <ClInclude Include="..\Header\CObstacle.h">
      <Filter>01. Obj\03. Obstacle</Filter>
    </ClInclude>
    <ClInclude Include="..\Header\CCollisionMgr.h">
      <Filter>03. DesignPattern\01. CollisionManager</Filter>
    </ClInclude>
    <ClInclude Include="..\Header\CObjMgr_YJ.h">
      <Filter>03. DesignPattern\02. ObjectManager</Filter>
    </ClInclude>
    <ClInclude Include="..\Header\CLine_YJ.h">
      <Filter>03. DesignPattern\03. LineManager\Line</Filter>
    </ClInclude>
    <ClInclude Include="..\Header\CLineMgr_YJ.h">
      <Filter>03. DesignPattern\03. LineManager</Filter>
    </ClInclude>
    <ClInclude Include="..\Header\CScrollMgr_YJ.h">
      <Filter>03. DesignPattern\04. ScrollManager</Filter>
    </ClInclude>
    <ClInclude Include="..\Header\CBoss_YJ.h">
      <Filter>01. Obj\02. Monster\00. Boss</Filter>
    </ClInclude>
    <ClInclude Include="..\Header\CMonster_YJ.h">
      <Filter>01. Obj\02. Monster</Filter>
    </ClInclude>
    <ClInclude Include="..\Header\CBullet_YJ.h">
      <Filter>01. Obj\04. Bullet</Filter>
    </ClInclude>
    <ClInclude Include="..\Header\CPinWheel_YJ.h">
      <Filter>01. Obj\04. Bullet\PinWheel</Filter>
    </ClInclude>
  </ItemGroup>
  <ItemGroup>
    <ClCompile Include="Client.cpp">
      <Filter>소스 파일</Filter>
    </ClCompile>
    <ClCompile Include="pch.cpp">
      <Filter>소스 파일</Filter>
    </ClCompile>
    <ClCompile Include="..\Code\CMainApp.cpp">
      <Filter>00. MainApp</Filter>
    </ClCompile>
    <ClCompile Include="..\Code\CObjYJ.cpp">
      <Filter>01. Obj</Filter>
    </ClCompile>
    <ClCompile Include="..\Code\CPlayer_YJ.cpp">
      <Filter>01. Obj\00. Player\YJ</Filter>
    </ClCompile>
    <ClCompile Include="..\Code\CScene_YJ.cpp">
      <Filter>02. Scene</Filter>
    </ClCompile>
    <ClCompile Include="..\Code\CVampSurvival.cpp">
      <Filter>02. Scene\VampSurv</Filter>
    </ClCompile>
    <ClCompile Include="..\Code\CShield_YJ.cpp">
      <Filter>01. Obj\01. Shield</Filter>
    </ClCompile>
    <ClCompile Include="..\Code\CTimeMgr_YJ.cpp">
      <Filter>03. DesignPattern\00. TimeManager</Filter>
    </ClCompile>
    <ClCompile Include="..\Code\CObstacle.cpp">
      <Filter>01. Obj\03. Obstacle</Filter>
    </ClCompile>
    <ClCompile Include="..\Code\CCollisionMgr.cpp">
      <Filter>03. DesignPattern\01. CollisionManager</Filter>
    </ClCompile>
    <ClCompile Include="..\Code\CObjMgr_YJ.cpp">
      <Filter>03. DesignPattern\02. ObjectManager</Filter>
    </ClCompile>
    <ClCompile Include="..\Code\CLine_YJ.cpp">
      <Filter>03. DesignPattern\03. LineManager\Line</Filter>
    </ClCompile>
    <ClCompile Include="..\Code\CLineMgr_YJ.cpp">
      <Filter>03. DesignPattern\03. LineManager</Filter>
    </ClCompile>
    <ClCompile Include="..\Code\CScrollMgr_YJ.cpp">
      <Filter>03. DesignPattern\04. ScrollManager</Filter>
    </ClCompile>
    <ClCompile Include="..\Code\CBoss_YJ.cpp">
      <Filter>01. Obj\02. Monster\00. Boss</Filter>
    </ClCompile>
    <ClCompile Include="..\Code\CMonster_YJ.cpp">
      <Filter>01. Obj\02. Monster</Filter>
    </ClCompile>
    <ClCompile Include="..\Code\CBullet_YJ.cpp">
      <Filter>01. Obj\04. Bullet</Filter>
    </ClCompile>
    <ClCompile Include="..\Code\CPinWheel_YJ.cpp">
      <Filter>01. Obj\04. Bullet\PinWheel</Filter>
    </ClCompile>
  </ItemGroup>
  <ItemGroup>
    <ResourceCompile Include="Client.rc">
      <Filter>리소스 파일</Filter>
    </ResourceCompile>
  </ItemGroup>
  <ItemGroup>
    <Image Include="small.ico">
      <Filter>리소스 파일</Filter>
    </Image>
    <Image Include="Client.ico">
      <Filter>리소스 파일</Filter>
    </Image>
  </ItemGroup>
</Project>