<?xml version="1.0" encoding="utf-8"?>
<Project ToolsVersion="4.0" xmlns="http://schemas.microsoft.com/developer/msbuild/2003">
  <ItemGroup>
    <Filter Include="소스 파일">
      <UniqueIdentifier>{4FC737F1-C7A5-4376-A066-2A32D752A2FF}</UniqueIdentifier>
      <Extensions>cpp;c;cc;cxx;c++;cppm;ixx;def;odl;idl;hpj;bat;asm;asmx</Extensions>
    </Filter>
    <Filter Include="헤더 파일">
      <UniqueIdentifier>{93995380-89BD-4b04-88EB-625FBE52EBFB}</UniqueIdentifier>
      <Extensions>h;hh;hpp;hxx;h++;hm;inl;inc;ipp;xsd</Extensions>
    </Filter>
    <Filter Include="00. MainApp">
      <UniqueIdentifier>{05915325-66cb-4221-9a3b-92059767cec3}</UniqueIdentifier>
    </Filter>
    <Filter Include="_JW">
      <UniqueIdentifier>{70e4897c-f794-4f02-a3f7-ad501fcd6b17}</UniqueIdentifier>
    </Filter>
    <Filter Include="_JW\Obj_JW">
      <UniqueIdentifier>{d70c626d-3635-4ef4-a0e3-9c85f20fb2eb}</UniqueIdentifier>
    </Filter>
    <Filter Include="_JW\Obj_JW\Hexagon">
      <UniqueIdentifier>{f59b68bc-9242-4cbd-bc82-afac9c284503}</UniqueIdentifier>
    </Filter>
    <Filter Include="_JW\Obj_JW\Player">
      <UniqueIdentifier>{eda1a3fd-ec8d-417d-aa3f-a08aa08e339e}</UniqueIdentifier>
    </Filter>
    <Filter Include="_JW\Obj_JW\Obstacle">
      <UniqueIdentifier>{f11eb5c1-0c99-4757-847f-6bb6dc619591}</UniqueIdentifier>
    </Filter>
    <Filter Include="_JW\Scene">
      <UniqueIdentifier>{452cebb4-ab8c-47b9-9af9-287f73d0f4f6}</UniqueIdentifier>
    </Filter>
    <Filter Include="_JW\Manager">
      <UniqueIdentifier>{8f2fff1b-1ede-4052-9729-32b817ed74e7}</UniqueIdentifier>
    </Filter>
    <Filter Include="_JW\Manager\CollisionManager">
      <UniqueIdentifier>{c4eebecd-4fc6-4192-9f08-122599b5d93b}</UniqueIdentifier>
    </Filter>
    <Filter Include="_JW\Manager\ObjectManager">
      <UniqueIdentifier>{3da8c0b4-2885-4454-9b27-d425a76243c5}</UniqueIdentifier>
    </Filter>
    <Filter Include="리소스 파일">
      <UniqueIdentifier>{67DA6AB6-F800-4c08-8B7A-83BB121AAD01}</UniqueIdentifier>
      <Extensions>rc;ico;cur;bmp;dlg;rc2;rct;bin;rgs;gif;jpg;jpeg;jpe;resx;tiff;tif;png;wav;mfcribbon-ms</Extensions>
    </Filter>
    <Filter Include="_JW\ObstacleSpawner">
      <UniqueIdentifier>{a7ab94c1-a371-45e4-ad7f-f563c54ce5ba}</UniqueIdentifier>
    </Filter>
    <Filter Include="_JW\Obj_JW\Space">
      <UniqueIdentifier>{600cab80-343a-4567-9d80-bd0faa1de68d}</UniqueIdentifier>
    </Filter>
    <Filter Include="_JW\Scene\Scene_JW">
      <UniqueIdentifier>{c394fa96-b7c0-477c-a54c-0b7b4a535e6c}</UniqueIdentifier>
    </Filter>
    <Filter Include="_JW\Manager\SceneManager">
      <UniqueIdentifier>{abb28ea3-ed9c-4337-9a9f-f9387f214ead}</UniqueIdentifier>
    </Filter>
  </ItemGroup>
  <ItemGroup>
    <ClInclude Include="framework.h">
      <Filter>헤더 파일</Filter>
    </ClInclude>
    <ClInclude Include="targetver.h">
      <Filter>헤더 파일</Filter>
    </ClInclude>
    <ClInclude Include="Resource.h">
      <Filter>헤더 파일</Filter>
    </ClInclude>
    <ClInclude Include="Client.h">
      <Filter>헤더 파일</Filter>
    </ClInclude>
    <ClInclude Include="pch.h">
      <Filter>헤더 파일</Filter>
    </ClInclude>
    <ClInclude Include="..\Header\CMainApp.h">
      <Filter>00. MainApp</Filter>
    </ClInclude>
    <ClInclude Include="..\Header\CObj_JW.h">
      <Filter>_JW\Obj_JW</Filter>
    </ClInclude>
    <ClInclude Include="..\Header\CHexagon_JW.h">
      <Filter>_JW\Obj_JW\Hexagon</Filter>
    </ClInclude>
    <ClInclude Include="Define_JW.h">
      <Filter>_JW</Filter>
    </ClInclude>
    <ClInclude Include="..\Header\CObjMgr_JW.h">
      <Filter>_JW\Manager\ObjectManager</Filter>
    </ClInclude>
    <ClInclude Include="..\Header\CObstacleMgr_JW.h">
      <Filter>_JW\ObstacleSpawner</Filter>
    </ClInclude>
    <ClInclude Include="..\Header\CSpace_JW.h">
      <Filter>_JW\Obj_JW\Space</Filter>
    </ClInclude>
    <ClInclude Include="..\Header\CScene.h">
      <Filter>_JW\Scene</Filter>
    </ClInclude>
    <ClInclude Include="..\Header\CScene_JW.h">
      <Filter>_JW\Scene\Scene_JW</Filter>
    </ClInclude>
    <ClInclude Include="..\Header\CObstacle_JW.h">
      <Filter>_JW\Obj_JW\Obstacle</Filter>
    </ClInclude>
    <ClInclude Include="..\Header\CPlayer_JW.h">
      <Filter>_JW\Obj_JW\Player</Filter>
    </ClInclude>
    <ClInclude Include="..\Header\CSceneMgr_.h">
      <Filter>_JW\Manager\SceneManager</Filter>
    </ClInclude>
  </ItemGroup>
  <ItemGroup>
    <ClCompile Include="Client.cpp">
      <Filter>소스 파일</Filter>
    </ClCompile>
    <ClCompile Include="pch.cpp">
      <Filter>소스 파일</Filter>
    </ClCompile>
    <ClCompile Include="..\Code\CMainApp.cpp">
      <Filter>00. MainApp</Filter>
    </ClCompile>
    <ClCompile Include="..\Code\CObj_JW.cpp">
      <Filter>_JW\Obj_JW</Filter>
    </ClCompile>
    <ClCompile Include="..\Code\CHexagon_JW.cpp">
      <Filter>_JW\Obj_JW\Hexagon</Filter>
    </ClCompile>
    <ClCompile Include="..\Code\CObjMgr_JW.cpp">
      <Filter>_JW\Manager\ObjectManager</Filter>
    </ClCompile>
    <ClCompile Include="..\Code\CObstacleMgr_JW.cpp">
      <Filter>_JW\ObstacleSpawner</Filter>
    </ClCompile>
    <ClCompile Include="..\Code\CSpace_JW.cpp">
      <Filter>_JW\Obj_JW\Space</Filter>
    </ClCompile>
    <ClCompile Include="..\Code\CScene.cpp">
      <Filter>_JW\Scene</Filter>
    </ClCompile>
    <ClCompile Include="..\Code\CScene_JW.cpp">
      <Filter>_JW\Scene\Scene_JW</Filter>
    </ClCompile>
    <ClCompile Include="..\Code\CObstacle_JW.cpp">
      <Filter>_JW\Obj_JW\Obstacle</Filter>
    </ClCompile>
    <ClCompile Include="..\Code\CPlayer_JW.cpp">
      <Filter>_JW\Obj_JW\Player</Filter>
    </ClCompile>
    <ClCompile Include="..\Code\CSceneMgr_.cpp">
      <Filter>_JW\Manager\SceneManager</Filter>
    </ClCompile>
  </ItemGroup>
  <ItemGroup>
    <ResourceCompile Include="Client.rc">
      <Filter>리소스 파일</Filter>
    </ResourceCompile>
  </ItemGroup>
  <ItemGroup>
    <Image Include="small.ico">
      <Filter>리소스 파일</Filter>
    </Image>
    <Image Include="Client.ico">
      <Filter>리소스 파일</Filter>
    </Image>
  </ItemGroup>
</Project>